
Microsoft Visual Studio Solution File, Format Version 12.00
# Visual Studio Version 17
VisualStudioVersion = 17.3.32804.467
MinimumVisualStudioVersion = 10.0.40219.1
Project("{FAE04EC0-301F-11D3-BF4B-00C04F79EFBC}") = "testHVEX", "testHVEX\testHVEX.csproj", "{ECFF1D71-0FBC-47D6-84CE-06C3BA76956B}"
EndProject
Global
	GlobalSection(SolutionConfigurationPlatforms) = preSolution
		Debug|Any CPU = Debug|Any CPU
		Release|Any CPU = Release|Any CPU
	EndGlobalSection
	GlobalSection(ProjectConfigurationPlatforms) = postSolution
		{ECFF1D71-0FBC-47D6-84CE-06C3BA76956B}.Debug|Any CPU.ActiveCfg = Debug|Any CPU
		{ECFF1D71-0FBC-47D6-84CE-06C3BA76956B}.Debug|Any CPU.Build.0 = Debug|Any CPU
		{ECFF1D71-0FBC-47D6-84CE-06C3BA76956B}.Release|Any CPU.ActiveCfg = Release|Any CPU
		{ECFF1D71-0FBC-47D6-84CE-06C3BA76956B}.Release|Any CPU.Build.0 = Release|Any CPU
	EndGlobalSection
	GlobalSection(SolutionProperties) = preSolution
		HideSolutionNode = FALSE
	EndGlobalSection
	GlobalSection(ExtensibilityGlobals) = postSolution
		SolutionGuid = {0E3C35FF-C6E7-4EE0-AFE7-CF9AC1BA49F6}
	EndGlobalSection
EndGlobal
